
Microsoft Visual Studio Solution File, Format Version 12.00
# Visual Studio Version 16
VisualStudioVersion = 16.0.30413.136
MinimumVisualStudioVersion = 10.0.40219.1
Project("{FAE04EC0-301F-11D3-BF4B-00C04F79EFBC}") = "API_Toeicking2021", "API_Toeicking2021\API_Toeicking2021.csproj", "{EBD61A19-D62D-42D8-93DE-40215336E860}"
EndProject
Global
	GlobalSection(SolutionConfigurationPlatforms) = preSolution
		Debug|Any CPU = Debug|Any CPU
		Release|Any CPU = Release|Any CPU
	EndGlobalSection
	GlobalSection(ProjectConfigurationPlatforms) = postSolution
		{EBD61A19-D62D-42D8-93DE-40215336E860}.Debug|Any CPU.ActiveCfg = Debug|Any CPU
		{EBD61A19-D62D-42D8-93DE-40215336E860}.Debug|Any CPU.Build.0 = Debug|Any CPU
		{EBD61A19-D62D-42D8-93DE-40215336E860}.Release|Any CPU.ActiveCfg = Release|Any CPU
		{EBD61A19-D62D-42D8-93DE-40215336E860}.Release|Any CPU.Build.0 = Release|Any CPU
	EndGlobalSection
	GlobalSection(SolutionProperties) = preSolution
		HideSolutionNode = FALSE
	EndGlobalSection
	GlobalSection(ExtensibilityGlobals) = postSolution
		SolutionGuid = {EBE63004-7C44-4F29-B4B4-1C90417D753D}
	EndGlobalSection
EndGlobal
